{
  "version": 4,
  "terraform_version": "1.11.4",
  "serial": 28,
  "lineage": "f7cb31dd-77f2-f1d4-0d35-208dcc5c7e75",
  "outputs": {},
  "resources": [
    {
      "mode": "managed",
      "type": "google_compute_health_check",
      "name": "http",
      "provider": "provider[\"registry.terraform.io/hashicorp/google\"]",
      "instances": [
        {
          "schema_version": 0,
          "attributes": {
            "check_interval_sec": 10,
            "creation_timestamp": "2025-08-27T07:09:49.185-07:00",
            "description": "",
            "grpc_health_check": [],
            "healthy_threshold": 2,
            "http2_health_check": [],
            "http_health_check": [
              {
                "host": "",
                "port": 0,
                "port_name": "",
                "port_specification": "USE_SERVING_PORT",
                "proxy_header": "NONE",
                "request_path": "/health",
                "response": ""
              }
            ],
            "https_health_check": [],
            "id": "projects/bandwagon-457014/global/healthChecks/spot-mig-hc",
            "log_config": [
              {
                "enable": false
              }
            ],
            "name": "spot-mig-hc",
            "project": "bandwagon-457014",
            "self_link": "https://www.googleapis.com/compute/v1/projects/bandwagon-457014/global/healthChecks/spot-mig-hc",
            "source_regions": null,
            "ssl_health_check": [],
            "tcp_health_check": [],
            "timeout_sec": 5,
            "timeouts": null,
            "type": "HTTP",
            "unhealthy_threshold": 3
          },
          "sensitive_attributes": [],
          "private": "eyJlMmJmYjczMC1lY2FhLTExZTYtOGY4OC0zNDM2M2JjN2M0YzAiOnsiY3JlYXRlIjoxMjAwMDAwMDAwMDAwLCJkZWxldGUiOjEyMDAwMDAwMDAwMDAsInVwZGF0ZSI6MTIwMDAwMDAwMDAwMH19"
        }
      ]
    },
    {
      "mode": "managed",
      "type": "google_compute_instance_template",
      "name": "tpl",
      "provider": "provider[\"registry.terraform.io/hashicorp/google\"]",
      "instances": [
        {
          "schema_version": 1,
          "attributes": {
            "advanced_machine_features": [],
            "can_ip_forward": false,
            "confidential_instance_config": null,
            "description": "",
            "disk": [
              {
                "auto_delete": true,
                "boot": true,
                "device_name": "persistent-disk-0",
                "disk_encryption_key": [],
                "disk_name": "",
                "disk_size_gb": 30,
                "disk_type": "pd-standard",
                "interface": "SCSI",
                "labels": null,
                "mode": "READ_WRITE",
                "provisioned_iops": 0,
                "provisioned_throughput": 0,
                "resource_manager_tags": null,
                "resource_policies": null,
                "source": "",
                "source_image": "projects/ubuntu-os-cloud/global/images/ubuntu-2410-oracular-amd64-v20250708",
                "source_image_encryption_key": [],
                "source_snapshot": "",
                "source_snapshot_encryption_key": [],
                "type": "PERSISTENT"
              }
            ],
            "effective_labels": {
              "goog-terraform-provisioned": "true"
            },
            "guest_accelerator": [],
            "id": "projects/bandwagon-457014/global/instanceTemplates/spot-mig-tlp-20250827140948745600000001",
            "instance_description": "",
            "labels": null,
            "machine_type": "e2-medium",
            "metadata": {
              "enable-oslogin": "TRUE"
            },
            "metadata_fingerprint": "QMvPlqgM6c8=",
            "metadata_startup_script": "#!/bin/bash\n\n## init the unbuntu VM for docker environment\n\n# Update package list and install dependencies\nsudo apt update\nsudo apt install -y apt-transport-https ca-certificates curl software-properties-common\n\n# Install Docker\necho \"Installing Docker...\"\n# Add Docker's official GPG key\ncurl -fsSL https://download.docker.com/linux/ubuntu/gpg | sudo gpg --dearmor -o /usr/share/keyrings/docker-archive-keyring.gpg\n# Add Docker's APT repository\necho \"deb [arch=amd64 signed-by=/usr/share/keyrings/docker-archive-keyring.gpg] https://download.docker.com/linux/ubuntu $(lsb_release -cs) stable\" | sudo tee /etc/apt/sources.list.d/docker.list \u003e /dev/null\n# Install Docker\nsudo apt update\nsudo apt install -y docker-ce\n# Verify Docker installation\ndocker --version\n\n# Optional: Add user to Docker group for non-root access (replace 'your-user' with your username)\necho \"Adding current user to the Docker group...\"\nsudo usermod -aG docker $USER\n\n# Install Google Cloud SDK\necho \"Installing Google Cloud SDK...\"\n# Add Google Cloud SDK repository\necho \"deb [signed-by=/usr/share/keyrings/cloud.google.gpg] https://packages.cloud.google.com/apt cloud-sdk main\" | sudo tee -a /etc/apt/sources.list.d/google-cloud-sdk.list\n# Add Google Cloud's public key\ncurl -fsSL https://packages.cloud.google.com/apt/doc/apt-key.gpg | sudo gpg --dearmor -o /usr/share/keyrings/cloud.google.gpg\n# Install Google Cloud SDK\nsudo apt update\nsudo apt install -y google-cloud-sdk\n# Verify gcloud installation\ngcloud --version\n\necho \"Installation completed successfully.\"\n\necho \"setting docker config\"\nsudo usermod -aG docker $USER\nnewgrp docker\n\n\n# 這個應該要抽出去？\nREGION=\"asia-east1-docker.pkg.dev\"\n\ngcloud auth configure-docker asia-east1-docker.pkg.dev\n\n# 設定 Artifact Registry 的區域\n\n\n# 取得 gcloud 的存取令牌\nACCESS_TOKEN=$(gcloud auth print-access-token)\n\n# 使用存取令牌登入 Docker\necho \"$ACCESS_TOKEN\" | sudo docker login -u oauth2accesstoken --password-stdin \"https://${REGION}\"\n\n# 提示登入是否成功\nif [ $? -eq 0 ]; then\n  echo \"success logging to ${REGION}\"\nelse\n  echo \"登入 Docker 到 ${REGION} 失敗，請檢查錯誤訊息。\"\nfi\n\necho \"setting docker config success\"\n",
            "min_cpu_platform": "",
            "name": "spot-mig-tlp-20250827140948745600000001",
            "name_prefix": "spot-mig-tlp-",
            "network_interface": [
              {
                "access_config": [],
                "alias_ip_range": [],
                "internal_ipv6_prefix_length": 0,
                "ipv6_access_config": [],
                "ipv6_access_type": "",
                "ipv6_address": "",
                "name": "nic0",
                "network": "https://www.googleapis.com/compute/v1/projects/bandwagon-457014/global/networks/default",
                "network_ip": "",
                "nic_type": "",
                "queue_count": 0,
                "stack_type": "",
                "subnetwork": "https://www.googleapis.com/compute/v1/projects/bandwagon-457014/regions/asia-east1/subnetworks/default",
                "subnetwork_project": "bandwagon-457014"
              }
            ],
            "network_performance_config": [],
            "project": "bandwagon-457014",
            "region": "asia-east1",
            "reservation_affinity": [],
            "resource_manager_tags": null,
            "resource_policies": null,
            "scheduling": [
              {
                "automatic_restart": false,
                "instance_termination_action": "STOP",
                "local_ssd_recovery_timeout": [],
                "max_run_duration": [],
                "min_node_cpus": 0,
                "node_affinities": [],
                "on_host_maintenance": "TERMINATE",
                "on_instance_stop_action": [],
                "preemptible": true,
                "provisioning_model": "SPOT"
              }
            ],
            "self_link": "https://www.googleapis.com/compute/v1/projects/bandwagon-457014/global/instanceTemplates/spot-mig-tlp-20250827140948745600000001",
            "self_link_unique": "https://www.googleapis.com/compute/v1/projects/bandwagon-457014/global/instanceTemplates/spot-mig-tlp-20250827140948745600000001?uniqueId=5106569225821138754",
            "service_account": [
              {
                "email": "bandwagon-backend-dev-39@bandwagon-457014.iam.gserviceaccount.com",
                "scopes": [
                  "https://www.googleapis.com/auth/cloud-platform"
                ]
              }
            ],
            "shielded_instance_config": [
              {
                "enable_integrity_monitoring": true,
                "enable_secure_boot": true,
                "enable_vtpm": true
              }
            ],
            "tags": null,
            "tags_fingerprint": "",
            "terraform_labels": {
              "goog-terraform-provisioned": "true"
            },
            "timeouts": null
          },
          "sensitive_attributes": [],
          "private": "eyJlMmJmYjczMC1lY2FhLTExZTYtOGY4OC0zNDM2M2JjN2M0YzAiOnsiY3JlYXRlIjoyNDAwMDAwMDAwMDAsImRlbGV0ZSI6MjQwMDAwMDAwMDAwfSwic2NoZW1hX3ZlcnNpb24iOiIxIn0=",
          "create_before_destroy": true
        }
      ]
    },
    {
      "mode": "managed",
      "type": "google_compute_region_instance_group_manager",
      "name": "mig",
      "provider": "provider[\"registry.terraform.io/hashicorp/google\"]",
      "instances": [
        {
          "schema_version": 0,
          "attributes": {
            "all_instances_config": [],
            "auto_healing_policies": [
              {
                "health_check": "https://www.googleapis.com/compute/v1/projects/bandwagon-457014/global/healthChecks/spot-mig-hc",
                "initial_delay_sec": 60
              }
            ],
            "base_instance_name": "spot-vm",
            "creation_timestamp": "2025-08-27T07:10:02.644-07:00",
            "description": "",
            "distribution_policy_target_shape": "EVEN",
            "distribution_policy_zones": [
              "asia-east1-a"
            ],
            "fingerprint": "KBJq5DSmSrY=",
            "id": "projects/bandwagon-457014/regions/asia-east1/instanceGroupManagers/spot-regional-mig",
            "instance_group": "https://www.googleapis.com/compute/v1/projects/bandwagon-457014/regions/asia-east1/instanceGroups/spot-regional-mig",
            "instance_lifecycle_policy": [
              {
                "default_action_on_failure": "REPAIR",
                "force_update_on_repair": "NO"
              }
            ],
            "list_managed_instances_results": "PAGELESS",
            "name": "spot-regional-mig",
            "named_port": [],
            "project": "bandwagon-457014",
            "region": "asia-east1",
            "self_link": "https://www.googleapis.com/compute/v1/projects/bandwagon-457014/regions/asia-east1/instanceGroupManagers/spot-regional-mig",
            "stateful_disk": [],
            "stateful_external_ip": [],
            "stateful_internal_ip": [],
            "status": [
              {
                "all_instances_config": [
                  {
                    "current_revision": "",
                    "effective": true
                  }
                ],
                "is_stable": false,
                "stateful": [
                  {
                    "has_stateful_config": false,
                    "per_instance_configs": [
                      {
                        "all_effective": true
                      }
                    ]
                  }
                ],
                "version_target": [
                  {
                    "is_reached": true
                  }
                ]
              }
            ],
            "target_pools": null,
            "target_size": 1,
            "timeouts": null,
            "update_policy": [
              {
                "instance_redistribution_type": "PROACTIVE",
                "max_surge_fixed": 1,
                "max_surge_percent": 0,
                "max_unavailable_fixed": 0,
                "max_unavailable_percent": 0,
                "minimal_action": "REPLACE",
                "most_disruptive_allowed_action": "",
                "replacement_method": "SUBSTITUTE",
                "type": "PROACTIVE"
              }
            ],
            "version": [
              {
                "instance_template": "https://www.googleapis.com/compute/v1/projects/bandwagon-457014/global/instanceTemplates/spot-mig-tlp-20250827140948745600000001",
                "name": "primary",
                "target_size": []
              }
            ],
            "wait_for_instances": false,
            "wait_for_instances_status": "STABLE"
          },
          "sensitive_attributes": [],
          "private": "eyJlMmJmYjczMC1lY2FhLTExZTYtOGY4OC0zNDM2M2JjN2M0YzAiOnsiY3JlYXRlIjo5MDAwMDAwMDAwMDAsImRlbGV0ZSI6OTAwMDAwMDAwMDAwLCJ1cGRhdGUiOjkwMDAwMDAwMDAwMH19",
          "dependencies": [
            "google_compute_health_check.http",
            "google_compute_instance_template.tpl"
          ]
        }
      ]
    }
  ],
  "check_results": null
}
